
Microsoft Visual Studio Solution File, Format Version 12.00
# Visual Studio Version 17
VisualStudioVersion = 17.6.33829.357
MinimumVisualStudioVersion = 10.0.40219.1
Project("{FAE04EC0-301F-11D3-BF4B-00C04F79EFBC}") = "BlogSystem", "BlogSystem\BlogSystem.csproj", "{19AB3570-48D2-4665-999C-A4A846866FD0}"
EndProject
Global
	GlobalSection(SolutionConfigurationPlatforms) = preSolution
		Debug|Any CPU = Debug|Any CPU
		Release|Any CPU = Release|Any CPU
	EndGlobalSection
	GlobalSection(ProjectConfigurationPlatforms) = postSolution
		{19AB3570-48D2-4665-999C-A4A846866FD0}.Debug|Any CPU.ActiveCfg = Debug|Any CPU
		{19AB3570-48D2-4665-999C-A4A846866FD0}.Debug|Any CPU.Build.0 = Debug|Any CPU
		{19AB3570-48D2-4665-999C-A4A846866FD0}.Release|Any CPU.ActiveCfg = Release|Any CPU
		{19AB3570-48D2-4665-999C-A4A846866FD0}.Release|Any CPU.Build.0 = Release|Any CPU
	EndGlobalSection
	GlobalSection(SolutionProperties) = preSolution
		HideSolutionNode = FALSE
	EndGlobalSection
	GlobalSection(ExtensibilityGlobals) = postSolution
		SolutionGuid = {1B3B5414-1160-4205-80EF-3A28507F5111}
	EndGlobalSection
EndGlobal
